
Microsoft Visual Studio Solution File, Format Version 12.00
# Visual Studio Version 17
VisualStudioVersion = 17.2.32526.322
MinimumVisualStudioVersion = 10.0.40219.1
Project("{9A19103F-16F7-4668-BE54-9A1E7A4F7556}") = "Music.WPF", "Music.WPF\Music.WPF.csproj", "{5CB8A121-4D62-4AD3-AB08-EB2A19F28D20}"
EndProject
Project("{9A19103F-16F7-4668-BE54-9A1E7A4F7556}") = "Music.NAudio", "Music.NAudio\Music.NAudio.csproj", "{13B6387A-8A88-4519-B43E-9DE7B6FED7BC}"
EndProject
Project("{2150E333-8FDC-42A3-9474-1A3956D46DE8}") = "Solution Items", "Solution Items", "{8F0136B3-9680-4B93-B80B-AAFB409153B6}"
	ProjectSection(SolutionItems) = preProject
		.editorconfig = .editorconfig
	EndProjectSection
EndProject
Project("{9A19103F-16F7-4668-BE54-9A1E7A4F7556}") = "Music.CustomControls", "Music.CustomControls\Music.CustomControls.csproj", "{E1E2D605-F266-4E41-850E-9DE23F688B39}"
EndProject
Project("{9A19103F-16F7-4668-BE54-9A1E7A4F7556}") = "Music.APIs", "Music.MetadataService\Music.APIs.csproj", "{D931F761-0053-4996-A23C-256D30364AB8}"
EndProject
Project("{FAE04EC0-301F-11D3-BF4B-00C04F79EFBC}") = "Music.Tests", "Music.Tests\Music.Tests.csproj", "{CA8F2AC5-ACF3-4F50-92F9-0437E69E23E9}"
EndProject
Global
	GlobalSection(SolutionConfigurationPlatforms) = preSolution
		Debug|Any CPU = Debug|Any CPU
		Release|Any CPU = Release|Any CPU
	EndGlobalSection
	GlobalSection(ProjectConfigurationPlatforms) = postSolution
		{5CB8A121-4D62-4AD3-AB08-EB2A19F28D20}.Debug|Any CPU.ActiveCfg = Debug|Any CPU
		{5CB8A121-4D62-4AD3-AB08-EB2A19F28D20}.Debug|Any CPU.Build.0 = Debug|Any CPU
		{5CB8A121-4D62-4AD3-AB08-EB2A19F28D20}.Release|Any CPU.ActiveCfg = Release|Any CPU
		{5CB8A121-4D62-4AD3-AB08-EB2A19F28D20}.Release|Any CPU.Build.0 = Release|Any CPU
		{13B6387A-8A88-4519-B43E-9DE7B6FED7BC}.Debug|Any CPU.ActiveCfg = Debug|Any CPU
		{13B6387A-8A88-4519-B43E-9DE7B6FED7BC}.Debug|Any CPU.Build.0 = Debug|Any CPU
		{13B6387A-8A88-4519-B43E-9DE7B6FED7BC}.Release|Any CPU.ActiveCfg = Release|Any CPU
		{13B6387A-8A88-4519-B43E-9DE7B6FED7BC}.Release|Any CPU.Build.0 = Release|Any CPU
		{E1E2D605-F266-4E41-850E-9DE23F688B39}.Debug|Any CPU.ActiveCfg = Debug|Any CPU
		{E1E2D605-F266-4E41-850E-9DE23F688B39}.Debug|Any CPU.Build.0 = Debug|Any CPU
		{E1E2D605-F266-4E41-850E-9DE23F688B39}.Release|Any CPU.ActiveCfg = Release|Any CPU
		{E1E2D605-F266-4E41-850E-9DE23F688B39}.Release|Any CPU.Build.0 = Release|Any CPU
		{D931F761-0053-4996-A23C-256D30364AB8}.Debug|Any CPU.ActiveCfg = Debug|Any CPU
		{D931F761-0053-4996-A23C-256D30364AB8}.Debug|Any CPU.Build.0 = Debug|Any CPU
		{D931F761-0053-4996-A23C-256D30364AB8}.Release|Any CPU.ActiveCfg = Release|Any CPU
		{D931F761-0053-4996-A23C-256D30364AB8}.Release|Any CPU.Build.0 = Release|Any CPU
		{CA8F2AC5-ACF3-4F50-92F9-0437E69E23E9}.Debug|Any CPU.ActiveCfg = Debug|Any CPU
		{CA8F2AC5-ACF3-4F50-92F9-0437E69E23E9}.Debug|Any CPU.Build.0 = Debug|Any CPU
		{CA8F2AC5-ACF3-4F50-92F9-0437E69E23E9}.Release|Any CPU.ActiveCfg = Release|Any CPU
		{CA8F2AC5-ACF3-4F50-92F9-0437E69E23E9}.Release|Any CPU.Build.0 = Release|Any CPU
	EndGlobalSection
	GlobalSection(SolutionProperties) = preSolution
		HideSolutionNode = FALSE
	EndGlobalSection
	GlobalSection(ExtensibilityGlobals) = postSolution
		SolutionGuid = {20E683BA-1899-4351-B3DA-C1041ECA59A8}
	EndGlobalSection
EndGlobal
